
Microsoft Visual Studio Solution File, Format Version 12.00
# Visual Studio Version 17
VisualStudioVersion = 17.7.34031.279
MinimumVisualStudioVersion = 10.0.40219.1
Project("{FAE04EC0-301F-11D3-BF4B-00C04F79EFBC}") = "BookStore", "BookStore.csproj", "{DFDFD0BA-2E81-4C52-AC84-EAC28C8078F1}"
EndProject
Global
	GlobalSection(SolutionConfigurationPlatforms) = preSolution
		Debug|Any CPU = Debug|Any CPU
		Release|Any CPU = Release|Any CPU
	EndGlobalSection
	GlobalSection(ProjectConfigurationPlatforms) = postSolution
		{DFDFD0BA-2E81-4C52-AC84-EAC28C8078F1}.Debug|Any CPU.ActiveCfg = Debug|Any CPU
		{DFDFD0BA-2E81-4C52-AC84-EAC28C8078F1}.Debug|Any CPU.Build.0 = Debug|Any CPU
		{DFDFD0BA-2E81-4C52-AC84-EAC28C8078F1}.Release|Any CPU.ActiveCfg = Release|Any CPU
		{DFDFD0BA-2E81-4C52-AC84-EAC28C8078F1}.Release|Any CPU.Build.0 = Release|Any CPU
	EndGlobalSection
	GlobalSection(SolutionProperties) = preSolution
		HideSolutionNode = FALSE
	EndGlobalSection
	GlobalSection(ExtensibilityGlobals) = postSolution
		SolutionGuid = {7320A682-F240-4C04-B2F4-3ECF1A441F8A}
	EndGlobalSection
EndGlobal
